
Microsoft Visual Studio Solution File, Format Version 12.00
# Visual Studio Version 17
VisualStudioVersion = 17.3.32901.215
MinimumVisualStudioVersion = 10.0.40219.1
Project("{9A19103F-16F7-4668-BE54-9A1E7A4F7556}") = "Auth", "auth\Auth.csproj", "{53A10F9A-7E30-4083-A56B-D17DEC479615}"
EndProject
Project("{9A19103F-16F7-4668-BE54-9A1E7A4F7556}") = "Forecast", "forecast\Forecast.csproj", "{AD9E4C96-B40C-47A3-8CEB-FC93D2A7FE05}"
EndProject
Project("{9A19103F-16F7-4668-BE54-9A1E7A4F7556}") = "States", "states\States.csproj", "{1018398B-134A-4A0D-A6AE-218A4EFE79D0}"
EndProject
Project("{9A19103F-16F7-4668-BE54-9A1E7A4F7556}") = "Infrastructure", "infrastructure\Infrastructure.csproj", "{46921908-EEEA-44E2-8A60-8FCA00CE404D}"
EndProject
Project("{2150E333-8FDC-42A3-9474-1A3956D46DE8}") = "Application", "Application", "{B14DA78C-2594-4DEC-91D2-E724AB584838}"
EndProject
Project("{E24C65DC-7377-472B-9ABA-BC803B73C61A}") = "nginx-1.24.0", "nginx-1.24.0\", "{532F5673-905C-42DD-B40C-2B90B9394CA2}"
	ProjectSection(WebsiteProperties) = preProject
		TargetFrameworkMoniker = ".NETFramework,Version%3Dv4.0"
		Debug.AspNetCompiler.VirtualPath = "/localhost_57896"
		Debug.AspNetCompiler.PhysicalPath = "nginx-1.24.0\"
		Debug.AspNetCompiler.TargetPath = "PrecompiledWeb\localhost_57896\"
		Debug.AspNetCompiler.Updateable = "true"
		Debug.AspNetCompiler.ForceOverwrite = "true"
		Debug.AspNetCompiler.FixedNames = "false"
		Debug.AspNetCompiler.Debug = "True"
		Release.AspNetCompiler.VirtualPath = "/localhost_57896"
		Release.AspNetCompiler.PhysicalPath = "nginx-1.24.0\"
		Release.AspNetCompiler.TargetPath = "PrecompiledWeb\localhost_57896\"
		Release.AspNetCompiler.Updateable = "true"
		Release.AspNetCompiler.ForceOverwrite = "true"
		Release.AspNetCompiler.FixedNames = "false"
		Release.AspNetCompiler.Debug = "False"
		VWDPort = "57896"
		SlnRelativePath = "nginx-1.24.0\"
	EndProjectSection
EndProject
Project("{2150E333-8FDC-42A3-9474-1A3956D46DE8}") = "External", "External", "{8A10C038-AD21-4D2E-9CB0-2F73256ABFF5}"
EndProject
Project("{E24C65DC-7377-472B-9ABA-BC803B73C61A}") = "traefik-v2.9", "traefik-v2.9\", "{96CECCF4-1D1F-43CC-9DBE-2C604548AA42}"
	ProjectSection(WebsiteProperties) = preProject
		TargetFrameworkMoniker = ".NETFramework,Version%3Dv4.0"
		Debug.AspNetCompiler.VirtualPath = "/localhost_54977"
		Debug.AspNetCompiler.PhysicalPath = "traefik-v2.9\"
		Debug.AspNetCompiler.TargetPath = "PrecompiledWeb\localhost_54977\"
		Debug.AspNetCompiler.Updateable = "true"
		Debug.AspNetCompiler.ForceOverwrite = "true"
		Debug.AspNetCompiler.FixedNames = "false"
		Debug.AspNetCompiler.Debug = "True"
		Release.AspNetCompiler.VirtualPath = "/localhost_54977"
		Release.AspNetCompiler.PhysicalPath = "traefik-v2.9\"
		Release.AspNetCompiler.TargetPath = "PrecompiledWeb\localhost_54977\"
		Release.AspNetCompiler.Updateable = "true"
		Release.AspNetCompiler.ForceOverwrite = "true"
		Release.AspNetCompiler.FixedNames = "false"
		Release.AspNetCompiler.Debug = "False"
		VWDPort = "54977"
		SlnRelativePath = "traefik-v2.9\"
	EndProjectSection
EndProject
Project("{E24C65DC-7377-472B-9ABA-BC803B73C61A}") = "tyk-v5.1rc2", "tyk-v5.1rc2\", "{1A36945B-D47C-4134-8CCA-77B357DEBF28}"
	ProjectSection(WebsiteProperties) = preProject
		TargetFrameworkMoniker = ".NETFramework,Version%3Dv4.0"
		Debug.AspNetCompiler.VirtualPath = "/localhost_51472"
		Debug.AspNetCompiler.PhysicalPath = "tyk-v5.1rc2\"
		Debug.AspNetCompiler.TargetPath = "PrecompiledWeb\localhost_51472\"
		Debug.AspNetCompiler.Updateable = "true"
		Debug.AspNetCompiler.ForceOverwrite = "true"
		Debug.AspNetCompiler.FixedNames = "false"
		Debug.AspNetCompiler.Debug = "True"
		Release.AspNetCompiler.VirtualPath = "/localhost_51472"
		Release.AspNetCompiler.PhysicalPath = "tyk-v5.1rc2\"
		Release.AspNetCompiler.TargetPath = "PrecompiledWeb\localhost_51472\"
		Release.AspNetCompiler.Updateable = "true"
		Release.AspNetCompiler.ForceOverwrite = "true"
		Release.AspNetCompiler.FixedNames = "false"
		Release.AspNetCompiler.Debug = "False"
		VWDPort = "51472"
		SlnRelativePath = "tyk-v5.1rc2\"
	EndProjectSection
EndProject
Project("{9A19103F-16F7-4668-BE54-9A1E7A4F7556}") = "ocelot-api-gateway", "ocelot-api-gateway\ocelot-api-gateway.csproj", "{0A4C4CFE-EAB6-4CDB-8C96-1FF11AEF8F48}"
EndProject
Global
	GlobalSection(SolutionConfigurationPlatforms) = preSolution
		Debug|Any CPU = Debug|Any CPU
		Release|Any CPU = Release|Any CPU
	EndGlobalSection
	GlobalSection(ProjectConfigurationPlatforms) = postSolution
		{53A10F9A-7E30-4083-A56B-D17DEC479615}.Debug|Any CPU.ActiveCfg = Debug|Any CPU
		{53A10F9A-7E30-4083-A56B-D17DEC479615}.Debug|Any CPU.Build.0 = Debug|Any CPU
		{53A10F9A-7E30-4083-A56B-D17DEC479615}.Release|Any CPU.ActiveCfg = Release|Any CPU
		{53A10F9A-7E30-4083-A56B-D17DEC479615}.Release|Any CPU.Build.0 = Release|Any CPU
		{AD9E4C96-B40C-47A3-8CEB-FC93D2A7FE05}.Debug|Any CPU.ActiveCfg = Debug|Any CPU
		{AD9E4C96-B40C-47A3-8CEB-FC93D2A7FE05}.Debug|Any CPU.Build.0 = Debug|Any CPU
		{AD9E4C96-B40C-47A3-8CEB-FC93D2A7FE05}.Release|Any CPU.ActiveCfg = Release|Any CPU
		{AD9E4C96-B40C-47A3-8CEB-FC93D2A7FE05}.Release|Any CPU.Build.0 = Release|Any CPU
		{1018398B-134A-4A0D-A6AE-218A4EFE79D0}.Debug|Any CPU.ActiveCfg = Debug|Any CPU
		{1018398B-134A-4A0D-A6AE-218A4EFE79D0}.Debug|Any CPU.Build.0 = Debug|Any CPU
		{1018398B-134A-4A0D-A6AE-218A4EFE79D0}.Release|Any CPU.ActiveCfg = Release|Any CPU
		{1018398B-134A-4A0D-A6AE-218A4EFE79D0}.Release|Any CPU.Build.0 = Release|Any CPU
		{46921908-EEEA-44E2-8A60-8FCA00CE404D}.Debug|Any CPU.ActiveCfg = Debug|Any CPU
		{46921908-EEEA-44E2-8A60-8FCA00CE404D}.Debug|Any CPU.Build.0 = Debug|Any CPU
		{46921908-EEEA-44E2-8A60-8FCA00CE404D}.Release|Any CPU.ActiveCfg = Release|Any CPU
		{46921908-EEEA-44E2-8A60-8FCA00CE404D}.Release|Any CPU.Build.0 = Release|Any CPU
		{532F5673-905C-42DD-B40C-2B90B9394CA2}.Debug|Any CPU.ActiveCfg = Debug|Any CPU
		{532F5673-905C-42DD-B40C-2B90B9394CA2}.Debug|Any CPU.Build.0 = Debug|Any CPU
		{532F5673-905C-42DD-B40C-2B90B9394CA2}.Release|Any CPU.ActiveCfg = Debug|Any CPU
		{532F5673-905C-42DD-B40C-2B90B9394CA2}.Release|Any CPU.Build.0 = Debug|Any CPU
		{96CECCF4-1D1F-43CC-9DBE-2C604548AA42}.Debug|Any CPU.ActiveCfg = Debug|Any CPU
		{96CECCF4-1D1F-43CC-9DBE-2C604548AA42}.Debug|Any CPU.Build.0 = Debug|Any CPU
		{96CECCF4-1D1F-43CC-9DBE-2C604548AA42}.Release|Any CPU.ActiveCfg = Debug|Any CPU
		{96CECCF4-1D1F-43CC-9DBE-2C604548AA42}.Release|Any CPU.Build.0 = Debug|Any CPU
		{1A36945B-D47C-4134-8CCA-77B357DEBF28}.Debug|Any CPU.ActiveCfg = Debug|Any CPU
		{1A36945B-D47C-4134-8CCA-77B357DEBF28}.Debug|Any CPU.Build.0 = Debug|Any CPU
		{1A36945B-D47C-4134-8CCA-77B357DEBF28}.Release|Any CPU.ActiveCfg = Debug|Any CPU
		{1A36945B-D47C-4134-8CCA-77B357DEBF28}.Release|Any CPU.Build.0 = Debug|Any CPU
		{0A4C4CFE-EAB6-4CDB-8C96-1FF11AEF8F48}.Debug|Any CPU.ActiveCfg = Debug|Any CPU
		{0A4C4CFE-EAB6-4CDB-8C96-1FF11AEF8F48}.Debug|Any CPU.Build.0 = Debug|Any CPU
		{0A4C4CFE-EAB6-4CDB-8C96-1FF11AEF8F48}.Release|Any CPU.ActiveCfg = Release|Any CPU
		{0A4C4CFE-EAB6-4CDB-8C96-1FF11AEF8F48}.Release|Any CPU.Build.0 = Release|Any CPU
	EndGlobalSection
	GlobalSection(SolutionProperties) = preSolution
		HideSolutionNode = FALSE
	EndGlobalSection
	GlobalSection(NestedProjects) = preSolution
		{53A10F9A-7E30-4083-A56B-D17DEC479615} = {B14DA78C-2594-4DEC-91D2-E724AB584838}
		{AD9E4C96-B40C-47A3-8CEB-FC93D2A7FE05} = {B14DA78C-2594-4DEC-91D2-E724AB584838}
		{1018398B-134A-4A0D-A6AE-218A4EFE79D0} = {B14DA78C-2594-4DEC-91D2-E724AB584838}
		{46921908-EEEA-44E2-8A60-8FCA00CE404D} = {8A10C038-AD21-4D2E-9CB0-2F73256ABFF5}
		{532F5673-905C-42DD-B40C-2B90B9394CA2} = {8A10C038-AD21-4D2E-9CB0-2F73256ABFF5}
		{96CECCF4-1D1F-43CC-9DBE-2C604548AA42} = {8A10C038-AD21-4D2E-9CB0-2F73256ABFF5}
		{1A36945B-D47C-4134-8CCA-77B357DEBF28} = {8A10C038-AD21-4D2E-9CB0-2F73256ABFF5}
		{0A4C4CFE-EAB6-4CDB-8C96-1FF11AEF8F48} = {8A10C038-AD21-4D2E-9CB0-2F73256ABFF5}
	EndGlobalSection
	GlobalSection(ExtensibilityGlobals) = postSolution
		SolutionGuid = {C6201A27-BBCD-4A4D-A5B1-ED239FAE6841}
	EndGlobalSection
EndGlobal
